// !$*UTF8*$!
{
	archiveVersion = 1;
	classes = {
	};
	objectVersion = 46;
	objects = {

/* Begin PBXBuildFile section */
		3CAFCB051B0CBB6E006BA01C /* AppDelegate.swift in Sources */ = {isa = PBXBuildFile; fileRef = 3CAFCB041B0CBB6E006BA01C /* AppDelegate.swift */; };
		3CAFCB071B0CBB6E006BA01C /* ViewController.swift in Sources */ = {isa = PBXBuildFile; fileRef = 3CAFCB061B0CBB6E006BA01C /* ViewController.swift */; };
		3CAFCB0A1B0CBB6E006BA01C /* Main.storyboard in Resources */ = {isa = PBXBuildFile; fileRef = 3CAFCB081B0CBB6E006BA01C /* Main.storyboard */; };
		3CAFCB0C1B0CBB6E006BA01C /* Images.xcassets in Resources */ = {isa = PBXBuildFile; fileRef = 3CAFCB0B1B0CBB6E006BA01C /* Images.xcassets */; };
		3CAFCB0F1B0CBB6E006BA01C /* LaunchScreen.xib in Resources */ = {isa = PBXBuildFile; fileRef = 3CAFCB0D1B0CBB6E006BA01C /* LaunchScreen.xib */; };
		3CAFCB1B1B0CBB6E006BA01C /* TipCalculatorTests.swift in Sources */ = {isa = PBXBuildFile; fileRef = 3CAFCB1A1B0CBB6E006BA01C /* TipCalculatorTests.swift */; };
		3CAFCB251B0CBBE9006BA01C /* TipCalculatorModel.swift in Sources */ = {isa = PBXBuildFile; fileRef = 3CAFCB241B0CBBE9006BA01C /* TipCalculatorModel.swift */; };
/* End PBXBuildFile section */

/* Begin PBXContainerItemProxy section */
		3CAFCB151B0CBB6E006BA01C /* PBXContainerItemProxy */ = {
			isa = PBXContainerItemProxy;
			containerPortal = 3CAFCAF71B0CBB6E006BA01C /* Project object */;
			proxyType = 1;
			remoteGlobalIDString = 3CAFCAFE1B0CBB6E006BA01C;
			remoteInfo = TipCalculator;
		};
/* End PBXContainerItemProxy section */

/* Begin PBXFileReference section */
		3CAFCAFF1B0CBB6E006BA01C /* TipCalculator.app */ = {isa = PBXFileReference; explicitFileType = wrapper.application; includeInIndex = 0; path = TipCalculator.app; sourceTree = BUILT_PRODUCTS_DIR; };
		3CAFCB031B0CBB6E006BA01C /* Info.plist */ = {isa = PBXFileReference; lastKnownFileType = text.plist.xml; path = Info.plist; sourceTree = "<group>"; };
		3CAFCB041B0CBB6E006BA01C /* AppDelegate.swift */ = {isa = PBXFileReference; lastKnownFileType = sourcecode.swift; path = AppDelegate.swift; sourceTree = "<group>"; };
		3CAFCB061B0CBB6E006BA01C /* ViewController.swift */ = {isa = PBXFileReference; lastKnownFileType = sourcecode.swift; path = ViewController.swift; sourceTree = "<group>"; };
		3CAFCB091B0CBB6E006BA01C /* Base */ = {isa = PBXFileReference; lastKnownFileType = file.storyboard; name = Base; path = Base.lproj/Main.storyboard; sourceTree = "<group>"; };
		3CAFCB0B1B0CBB6E006BA01C /* Images.xcassets */ = {isa = PBXFileReference; lastKnownFileType = folder.assetcatalog; path = Images.xcassets; sourceTree = "<group>"; };
		3CAFCB0E1B0CBB6E006BA01C /* Base */ = {isa = PBXFileReference; lastKnownFileType = file.xib; name = Base; path = Base.lproj/LaunchScreen.xib; sourceTree = "<group>"; };
		3CAFCB141B0CBB6E006BA01C /* TipCalculatorTests.xctest */ = {isa = PBXFileReference; explicitFileType = wrapper.cfbundle; includeInIndex = 0; path = TipCalculatorTests.xctest; sourceTree = BUILT_PRODUCTS_DIR; };
		3CAFCB191B0CBB6E006BA01C /* Info.plist */ = {isa = PBXFileReference; lastKnownFileType = text.plist.xml; path = Info.plist; sourceTree = "<group>"; };
		3CAFCB1A1B0CBB6E006BA01C /* TipCalculatorTests.swift */ = {isa = PBXFileReference; lastKnownFileType = sourcecode.swift; path = TipCalculatorTests.swift; sourceTree = "<group>"; };
		3CAFCB241B0CBBE9006BA01C /* TipCalculatorModel.swift */ = {isa = PBXFileReference; fileEncoding = 4; lastKnownFileType = sourcecode.swift; path = TipCalculatorModel.swift; sourceTree = "<group>"; };
/* End PBXFileReference section */

/* Begin PBXFrameworksBuildPhase section */
		3CAFCAFC1B0CBB6E006BA01C /* Frameworks */ = {
			isa = PBXFrameworksBuildPhase;
			buildActionMask = 2147483647;
			files = (
			);
			runOnlyForDeploymentPostprocessing = 0;
		};
		3CAFCB111B0CBB6E006BA01C /* Frameworks */ = {
			isa = PBXFrameworksBuildPhase;
			buildActionMask = 2147483647;
			files = (
			);
			runOnlyForDeploymentPostprocessing = 0;
		};
/* End PBXFrameworksBuildPhase section */

/* Begin PBXGroup section */
		3CAFCAF61B0CBB6E006BA01C = {
			isa = PBXGroup;
			children = (
				3CAFCB011B0CBB6E006BA01C /* TipCalculator */,
				3CAFCB171B0CBB6E006BA01C /* TipCalculatorTests */,
				3CAFCB001B0CBB6E006BA01C /* Products */,
			);
			sourceTree = "<group>";
		};
		3CAFCB001B0CBB6E006BA01C /* Products */ = {
			isa = PBXGroup;
			children = (
				3CAFCAFF1B0CBB6E006BA01C /* TipCalculator.app */,
				3CAFCB141B0CBB6E006BA01C /* TipCalculatorTests.xctest */,
			);
			name = Products;
			sourceTree = "<group>";
		};
		3CAFCB011B0CBB6E006BA01C /* TipCalculator */ = {
			isa = PBXGroup;
			children = (
				3CAFCB041B0CBB6E006BA01C /* AppDelegate.swift */,
				3CAFCB061B0CBB6E006BA01C /* ViewController.swift */,
				3CAFCB081B0CBB6E006BA01C /* Main.storyboard */,
				3CAFCB0B1B0CBB6E006BA01C /* Images.xcassets */,
				3CAFCB0D1B0CBB6E006BA01C /* LaunchScreen.xib */,
				3CAFCB021B0CBB6E006BA01C /* Supporting Files */,
				3CAFCB241B0CBBE9006BA01C /* TipCalculatorModel.swift */,
			);
			path = TipCalculator;
			sourceTree = "<group>";
		};
		3CAFCB021B0CBB6E006BA01C /* Supporting Files */ = {
			isa = PBXGroup;
			children = (
				3CAFCB031B0CBB6E006BA01C /* Info.plist */,
			);
			name = "Supporting Files";
			sourceTree = "<group>";
		};
		3CAFCB171B0CBB6E006BA01C /* TipCalculatorTests */ = {
			isa = PBXGroup;
			children = (
				3CAFCB1A1B0CBB6E006BA01C /* TipCalculatorTests.swift */,
				3CAFCB181B0CBB6E006BA01C /* Supporting Files */,
			);
			path = TipCalculatorTests;
			sourceTree = "<group>";
		};
		3CAFCB181B0CBB6E006BA01C /* Supporting Files */ = {
			isa = PBXGroup;
			children = (
				3CAFCB191B0CBB6E006BA01C /* Info.plist */,
			);
			name = "Supporting Files";
			sourceTree = "<group>";
		};
/* End PBXGroup section */

/* Begin PBXNativeTarget section */
		3CAFCAFE1B0CBB6E006BA01C /* TipCalculator */ = {
			isa = PBXNativeTarget;
			buildConfigurationList = 3CAFCB1E1B0CBB6E006BA01C /* Build configuration list for PBXNativeTarget "TipCalculator" */;
			buildPhases = (
				3CAFCAFB1B0CBB6E006BA01C /* Sources */,
				3CAFCAFC1B0CBB6E006BA01C /* Frameworks */,
				3CAFCAFD1B0CBB6E006BA01C /* Resources */,
			);
			buildRules = (
			);
			dependencies = (
			);
			name = TipCalculator;
			productName = TipCalculator;
			productReference = 3CAFCAFF1B0CBB6E006BA01C /* TipCalculator.app */;
			productType = "com.apple.product-type.application";
		};
		3CAFCB131B0CBB6E006BA01C /* TipCalculatorTests */ = {
			isa = PBXNativeTarget;
			buildConfigurationList = 3CAFCB211B0CBB6E006BA01C /* Build configuration list for PBXNativeTarget "TipCalculatorTests" */;
			buildPhases = (
				3CAFCB101B0CBB6E006BA01C /* Sources */,
				3CAFCB111B0CBB6E006BA01C /* Frameworks */,
				3CAFCB121B0CBB6E006BA01C /* Resources */,
			);
			buildRules = (
			);
			dependencies = (
				3CAFCB161B0CBB6E006BA01C /* PBXTargetDependency */,
			);
			name = TipCalculatorTests;
			productName = TipCalculatorTests;
			productReference = 3CAFCB141B0CBB6E006BA01C /* TipCalculatorTests.xctest */;
			productType = "com.apple.product-type.bundle.unit-test";
		};
/* End PBXNativeTarget section */

/* Begin PBXProject section */
		3CAFCAF71B0CBB6E006BA01C /* Project object */ = {
			isa = PBXProject;
			attributes = {
				LastSwiftUpdateCheck = 0720;
				LastUpgradeCheck = 0620;
				ORGANIZATIONNAME = "Rocio Tovar";
				TargetAttributes = {
					3CAFCAFE1B0CBB6E006BA01C = {
						CreatedOnToolsVersion = 6.2;
					};
					3CAFCB131B0CBB6E006BA01C = {
						CreatedOnToolsVersion = 6.2;
						TestTargetID = 3CAFCAFE1B0CBB6E006BA01C;
					};
				};
			};
			buildConfigurationList = 3CAFCAFA1B0CBB6E006BA01C /* Build configuration list for PBXProject "TipCalculator" */;
			compatibilityVersion = "Xcode 3.2";
			developmentRegion = English;
			hasScannedForEncodings = 0;
			knownRegions = (
				en,
				Base,
			);
			mainGroup = 3CAFCAF61B0CBB6E006BA01C;
			productRefGroup = 3CAFCB001B0CBB6E006BA01C /* Products */;
			projectDirPath = "";
			projectRoot = "";
			targets = (
				3CAFCAFE1B0CBB6E006BA01C /* TipCalculator */,
				3CAFCB131B0CBB6E006BA01C /* TipCalculatorTests */,
			);
		};
/* End PBXProject section */

/* Begin PBXResourcesBuildPhase section */
		3CAFCAFD1B0CBB6E006BA01C /* Resources */ = {
			isa = PBXResourcesBuildPhase;
			buildActionMask = 2147483647;
			files = (
				3CAFCB0A1B0CBB6E006BA01C /* Main.storyboard in Resources */,
				3CAFCB0F1B0CBB6E006BA01C /* LaunchScreen.xib in Resources */,
				3CAFCB0C1B0CBB6E006BA01C /* Images.xcassets in Resources */,
			);
			runOnlyForDeploymentPostprocessing = 0;
		};
		3CAFCB121B0CBB6E006BA01C /* Resources */ = {
			isa = PBXResourcesBuildPhase;
			buildActionMask = 2147483647;
			files = (
			);
			runOnlyForDeploymentPostprocessing = 0;
		};
/* End PBXResourcesBuildPhase section */

/* Begin PBXSourcesBuildPhase section */
		3CAFCAFB1B0CBB6E006BA01C /* Sources */ = {
			isa = PBXSourcesBuildPhase;
			buildActionMask = 2147483647;
			files = (
				3CAFCB071B0CBB6E006BA01C /* ViewController.swift in Sources */,
				3CAFCB251B0CBBE9006BA01C /* TipCalculatorModel.swift in Sources */,
				3CAFCB051B0CBB6E006BA01C /* AppDelegate.swift in Sources */,
			);
			runOnlyForDeploymentPostprocessing = 0;
		};
		3CAFCB101B0CBB6E006BA01C /* Sources */ = {
			isa = PBXSourcesBuildPhase;
			buildActionMask = 2147483647;
			files = (
				3CAFCB1B1B0CBB6E006BA01C /* TipCalculatorTests.swift in Sources */,
			);
			runOnlyForDeploymentPostprocessing = 0;
		};
/* End PBXSourcesBuildPhase section */

/* Begin PBXTargetDependency section */
		3CAFCB161B0CBB6E006BA01C /* PBXTargetDependency */ = {
			isa = PBXTargetDependency;
			target = 3CAFCAFE1B0CBB6E006BA01C /* TipCalculator */;
			targetProxy = 3CAFCB151B0CBB6E006BA01C /* PBXContainerItemProxy */;
		};
/* End PBXTargetDependency section */

/* Begin PBXVariantGroup section */
		3CAFCB081B0CBB6E006BA01C /* Main.storyboard */ = {
			isa = PBXVariantGroup;
			children = (
				3CAFCB091B0CBB6E006BA01C /* Base */,
			);
			name = Main.storyboard;
			sourceTree = "<group>";
		};
		3CAFCB0D1B0CBB6E006BA01C /* LaunchScreen.xib */ = {
			isa = PBXVariantGroup;
			children = (
				3CAFCB0E1B0CBB6E006BA01C /* Base */,
			);
			name = LaunchScreen.xib;
			sourceTree = "<group>";
		};
/* End PBXVariantGroup section */

/* Begin XCBuildConfiguration section */
		3CAFCB1C1B0CBB6E006BA01C /* Debug */ = {
			isa = XCBuildConfiguration;
			buildSettings = {
				ALWAYS_SEARCH_USER_PATHS = NO;
				CLANG_CXX_LANGUAGE_STANDARD = "gnu++0x";
				CLANG_CXX_LIBRARY = "libc++";
				CLANG_ENABLE_MODULES = YES;
				CLANG_ENABLE_OBJC_ARC = YES;
				CLANG_WARN_BOOL_CONVERSION = YES;
				CLANG_WARN_CONSTANT_CONVERSION = YES;
				CLANG_WARN_DIRECT_OBJC_ISA_USAGE = YES_ERROR;
				CLANG_WARN_EMPTY_BODY = YES;
				CLANG_WARN_ENUM_CONVERSION = YES;
				CLANG_WARN_INT_CONVERSION = YES;
				CLANG_WARN_OBJC_ROOT_CLASS = YES_ERROR;
				CLANG_WARN_UNREACHABLE_CODE = YES;
				CLANG_WARN__DUPLICATE_METHOD_MATCH = YES;
				"CODE_SIGN_IDENTITY[sdk=iphoneos*]" = "iPhone Developer";
				COPY_PHASE_STRIP = NO;
				ENABLE_STRICT_OBJC_MSGSEND = YES;
				GCC_C_LANGUAGE_STANDARD = gnu99;
				GCC_DYNAMIC_NO_PIC = NO;
				GCC_OPTIMIZATION_LEVEL = 0;
				GCC_PREPROCESSOR_DEFINITIONS = (
					"DEBUG=1",
					"$(inherited)",
				);
				GCC_SYMBOLS_PRIVATE_EXTERN = NO;
				GCC_WARN_64_TO_32_BIT_CONVERSION = YES;
				GCC_WARN_ABOUT_RETURN_TYPE = YES_ERROR;
				GCC_WARN_UNDECLARED_SELECTOR = YES;
				GCC_WARN_UNINITIALIZED_AUTOS = YES_AGGRESSIVE;
				GCC_WARN_UNUSED_FUNCTION = YES;
				GCC_WARN_UNUSED_VARIABLE = YES;
				IPHONEOS_DEPLOYMENT_TARGET = 8.2;
				MTL_ENABLE_DEBUG_INFO = YES;
				ONLY_ACTIVE_ARCH = YES;
				SDKROOT = iphoneos;
				SWIFT_OPTIMIZATION_LEVEL = "-Onone";
			};
			name = Debug;
		};
		3CAFCB1D1B0CBB6E006BA01C /* Release */ = {
			isa = XCBuildConfiguration;
			buildSettings = {
				ALWAYS_SEARCH_USER_PATHS = NO;
				CLANG_CXX_LANGUAGE_STANDARD = "gnu++0x";
				CLANG_CXX_LIBRARY = "libc++";
				CLANG_ENABLE_MODULES = YES;
				CLANG_ENABLE_OBJC_ARC = YES;
				CLANG_WARN_BOOL_CONVERSION = YES;
				CLANG_WARN_CONSTANT_CONVERSION = YES;
				CLANG_WARN_DIRECT_OBJC_ISA_USAGE = YES_ERROR;
				CLANG_WARN_EMPTY_BODY = YES;
				CLANG_WARN_ENUM_CONVERSION = YES;
				CLANG_WARN_INT_CONVERSION = YES;
				CLANG_WARN_OBJC_ROOT_CLASS = YES_ERROR;
				CLANG_WARN_UNREACHABLE_CODE = YES;
				CLANG_WARN__DUPLICATE_METHOD_MATCH = YES;
				"CODE_SIGN_IDENTITY[sdk=iphoneos*]" = "iPhone Developer";
				COPY_PHASE_STRIP = NO;
				ENABLE_NS_ASSERTIONS = NO;
				ENABLE_STRICT_OBJC_MSGSEND = YES;
				GCC_C_LANGUAGE_STANDARD = gnu99;
				GCC_WARN_64_TO_32_BIT_CONVERSION = YES;
				GCC_WARN_ABOUT_RETURN_TYPE = YES_ERROR;
				GCC_WARN_UNDECLARED_SELECTOR = YES;
				GCC_WARN_UNINITIALIZED_AUTOS = YES_AGGRESSIVE;
				GCC_WARN_UNUSED_FUNCTION = YES;
				GCC_WARN_UNUSED_VARIABLE = YES;
				IPHONEOS_DEPLOYMENT_TARGET = 8.2;
				MTL_ENABLE_DEBUG_INFO = NO;
				SDKROOT = iphoneos;
				VALIDATE_PRODUCT = YES;
			};
			name = Release;
		};
		3CAFCB1F1B0CBB6E006BA01C /* Debug */ = {
			isa = XCBuildConfiguration;
			buildSettings = {
				ASSETCATALOG_COMPILER_APPICON_NAME = AppIcon;
				INFOPLIST_FILE = TipCalculator/Info.plist;
				LD_RUNPATH_SEARCH_PATHS = "$(inherited) @executable_path/Frameworks";
				PRODUCT_NAME = "$(TARGET_NAME)";
			};
			name = Debug;
		};
		3CAFCB201B0CBB6E006BA01C /* Release */ = {
			isa = XCBuildConfiguration;
			buildSettings = {
				ASSETCATALOG_COMPILER_APPICON_NAME = AppIcon;
				INFOPLIST_FILE = TipCalculator/Info.plist;
				LD_RUNPATH_SEARCH_PATHS = "$(inherited) @executable_path/Frameworks";
				PRODUCT_NAME = "$(TARGET_NAME)";
			};
			name = Release;
		};
		3CAFCB221B0CBB6E006BA01C /* Debug */ = {
			isa = XCBuildConfiguration;
			buildSettings = {
				BUNDLE_LOADER = "$(TEST_HOST)";
				FRAMEWORK_SEARCH_PATHS = (
					"$(SDKROOT)/Developer/Library/Frameworks",
					"$(inherited)",
				);
				GCC_PREPROCESSOR_DEFINITIONS = (
					"DEBUG=1",
					"$(inherited)",
				);
				INFOPLIST_FILE = TipCalculatorTests/Info.plist;
				LD_RUNPATH_SEARCH_PATHS = "$(inherited) @executable_path/Frameworks @loader_path/Frameworks";
				PRODUCT_NAME = "$(TARGET_NAME)";
				TEST_HOST = "$(BUILT_PRODUCTS_DIR)/TipCalculator.app/TipCalculator";
			};
			name = Debug;
		};
		3CAFCB231B0CBB6E006BA01C /* Release */ = {
			isa = XCBuildConfiguration;
			buildSettings = {
				BUNDLE_LOADER = "$(TEST_HOST)";
				FRAMEWORK_SEARCH_PATHS = (
					"$(SDKROOT)/Developer/Library/Frameworks",
					"$(inherited)",
				);
				INFOPLIST_FILE = TipCalculatorTests/Info.plist;
				LD_RUNPATH_SEARCH_PATHS = "$(inherited) @executable_path/Frameworks @loader_path/Frameworks";
				PRODUCT_NAME = "$(TARGET_NAME)";
				TEST_HOST = "$(BUILT_PRODUCTS_DIR)/TipCalculator.app/TipCalculator";
			};
			name = Release;
		};
/* End XCBuildConfiguration section */

/* Begin XCConfigurationList section */
		3CAFCAFA1B0CBB6E006BA01C /* Build configuration list for PBXProject "TipCalculator" */ = {
			isa = XCConfigurationList;
			buildConfigurations = (
				3CAFCB1C1B0CBB6E006BA01C /* Debug */,
				3CAFCB1D1B0CBB6E006BA01C /* Release */,
			);
			defaultConfigurationIsVisible = 0;
			defaultConfigurationName = Release;
		};
		3CAFCB1E1B0CBB6E006BA01C /* Build configuration list for PBXNativeTarget "TipCalculator" */ = {
			isa = XCConfigurationList;
			buildConfigurations = (
				3CAFCB1F1B0CBB6E006BA01C /* Debug */,
				3CAFCB201B0CBB6E006BA01C /* Release */,
			);
			defaultConfigurationIsVisible = 0;
			defaultConfigurationName = Release;
		};
		3CAFCB211B0CBB6E006BA01C /* Build configuration list for PBXNativeTarget "TipCalculatorTests" */ = {
			isa = XCConfigurationList;
			buildConfigurations = (
				3CAFCB221B0CBB6E006BA01C /* Debug */,
				3CAFCB231B0CBB6E006BA01C /* Release */,
			);
			defaultConfigurationIsVisible = 0;
			defaultConfigurationName = Release;
		};
/* End XCConfigurationList section */
	};
	rootObject = 3CAFCAF71B0CBB6E006BA01C /* Project object */;
}
